
Microsoft Visual Studio Solution File, Format Version 12.00
# Visual Studio Version 17
VisualStudioVersion = 17.8.34316.72
MinimumVisualStudioVersion = 10.0.40219.1
Project("{9A19103F-16F7-4668-BE54-9A1E7A4F7556}") = "SimpLog.Databases.MySQL", "SimpLog.Databases.MySQL\SimpLog.Databases.MySQL.csproj", "{BD34B920-F8BC-48E4-B289-047F9F209758}"
EndProject
Global
	GlobalSection(SolutionConfigurationPlatforms) = preSolution
		Debug|Any CPU = Debug|Any CPU
		Release|Any CPU = Release|Any CPU
	EndGlobalSection
	GlobalSection(ProjectConfigurationPlatforms) = postSolution
		{BD34B920-F8BC-48E4-B289-047F9F209758}.Debug|Any CPU.ActiveCfg = Debug|Any CPU
		{BD34B920-F8BC-48E4-B289-047F9F209758}.Debug|Any CPU.Build.0 = Debug|Any CPU
		{BD34B920-F8BC-48E4-B289-047F9F209758}.Release|Any CPU.ActiveCfg = Release|Any CPU
		{BD34B920-F8BC-48E4-B289-047F9F209758}.Release|Any CPU.Build.0 = Release|Any CPU
	EndGlobalSection
	GlobalSection(SolutionProperties) = preSolution
		HideSolutionNode = FALSE
	EndGlobalSection
	GlobalSection(ExtensibilityGlobals) = postSolution
		SolutionGuid = {E933D196-2DD6-46A0-8A6F-C6AA63BA1376}
	EndGlobalSection
EndGlobal
